
Microsoft Visual Studio Solution File, Format Version 12.00
# Visual Studio Version 16
VisualStudioVersion = 16.0.30804.86
MinimumVisualStudioVersion = 10.0.40219.1
Project("{FAE04EC0-301F-11D3-BF4B-00C04F79EFBC}") = "SavannaLifeGame", "SavannaLifeGame\SavannaLifeGame.csproj", "{4D618408-A1E0-47EB-96A4-C268F5FD7967}"
EndProject
Project("{FAE04EC0-301F-11D3-BF4B-00C04F79EFBC}") = "SavannaLifeGameTests", "SavannaLifeGameTests\SavannaLifeGameTests.csproj", "{70ACBE87-03A3-43B6-8A66-E04B1CC5FBB5}"
EndProject
Global
	GlobalSection(SolutionConfigurationPlatforms) = preSolution
		Debug|Any CPU = Debug|Any CPU
		Release|Any CPU = Release|Any CPU
	EndGlobalSection
	GlobalSection(ProjectConfigurationPlatforms) = postSolution
		{4D618408-A1E0-47EB-96A4-C268F5FD7967}.Debug|Any CPU.ActiveCfg = Debug|Any CPU
		{4D618408-A1E0-47EB-96A4-C268F5FD7967}.Debug|Any CPU.Build.0 = Debug|Any CPU
		{4D618408-A1E0-47EB-96A4-C268F5FD7967}.Release|Any CPU.ActiveCfg = Release|Any CPU
		{4D618408-A1E0-47EB-96A4-C268F5FD7967}.Release|Any CPU.Build.0 = Release|Any CPU
		{70ACBE87-03A3-43B6-8A66-E04B1CC5FBB5}.Debug|Any CPU.ActiveCfg = Debug|Any CPU
		{70ACBE87-03A3-43B6-8A66-E04B1CC5FBB5}.Debug|Any CPU.Build.0 = Debug|Any CPU
		{70ACBE87-03A3-43B6-8A66-E04B1CC5FBB5}.Release|Any CPU.ActiveCfg = Release|Any CPU
		{70ACBE87-03A3-43B6-8A66-E04B1CC5FBB5}.Release|Any CPU.Build.0 = Release|Any CPU
	EndGlobalSection
	GlobalSection(SolutionProperties) = preSolution
		HideSolutionNode = FALSE
	EndGlobalSection
	GlobalSection(ExtensibilityGlobals) = postSolution
		SolutionGuid = {91F95DB4-BA41-4302-ABDF-7210EF1111DC}
	EndGlobalSection
EndGlobal
